// !$*UTF8*$!
{
	archiveVersion = 1;
	classes = {
	};
	objectVersion = 46;
	objects = {

/* Begin PBXBuildFile section */
		206085F21CB5EBAE00EA00E3 /* AppDelegate.swift in Sources */ = {isa = PBXBuildFile; fileRef = 206085F11CB5EBAE00EA00E3 /* AppDelegate.swift */; };
		206085F71CB5EBAE00EA00E3 /* Main.storyboard in Resources */ = {isa = PBXBuildFile; fileRef = 206085F51CB5EBAE00EA00E3 /* Main.storyboard */; };
		206085F91CB5EBAE00EA00E3 /* Assets.xcassets in Resources */ = {isa = PBXBuildFile; fileRef = 206085F81CB5EBAE00EA00E3 /* Assets.xcassets */; };
		206085FC1CB5EBAE00EA00E3 /* LaunchScreen.storyboard in Resources */ = {isa = PBXBuildFile; fileRef = 206085FA1CB5EBAE00EA00E3 /* LaunchScreen.storyboard */; };
		206086051CB5EC9400EA00E3 /* Bolts.framework in Frameworks */ = {isa = PBXBuildFile; fileRef = 206086031CB5EC9400EA00E3 /* Bolts.framework */; };
		206086061CB5EC9400EA00E3 /* Parse.framework in Frameworks */ = {isa = PBXBuildFile; fileRef = 206086041CB5EC9400EA00E3 /* Parse.framework */; };
		206086081CB5ECF900EA00E3 /* AudioToolbox.framework in Frameworks */ = {isa = PBXBuildFile; fileRef = 206086071CB5ECF900EA00E3 /* AudioToolbox.framework */; };
		2060860A1CB5ED1900EA00E3 /* CFNetwork.framework in Frameworks */ = {isa = PBXBuildFile; fileRef = 206086091CB5ED1900EA00E3 /* CFNetwork.framework */; };
		2060860C1CB5ED2600EA00E3 /* CoreGraphics.framework in Frameworks */ = {isa = PBXBuildFile; fileRef = 2060860B1CB5ED2600EA00E3 /* CoreGraphics.framework */; };
		2060860E1CB5ED3400EA00E3 /* CoreLocation.framework in Frameworks */ = {isa = PBXBuildFile; fileRef = 2060860D1CB5ED3400EA00E3 /* CoreLocation.framework */; };
		206086101CB5ED3D00EA00E3 /* QuartzCore.framework in Frameworks */ = {isa = PBXBuildFile; fileRef = 2060860F1CB5ED3D00EA00E3 /* QuartzCore.framework */; };
		206086121CB5ED4500EA00E3 /* Security.framework in Frameworks */ = {isa = PBXBuildFile; fileRef = 206086111CB5ED4500EA00E3 /* Security.framework */; };
		206086141CB5ED4D00EA00E3 /* StoreKit.framework in Frameworks */ = {isa = PBXBuildFile; fileRef = 206086131CB5ED4D00EA00E3 /* StoreKit.framework */; };
		206086161CB5ED5500EA00E3 /* SystemConfiguration.framework in Frameworks */ = {isa = PBXBuildFile; fileRef = 206086151CB5ED5500EA00E3 /* SystemConfiguration.framework */; };
		206086181CB5ED6200EA00E3 /* libz.tbd in Frameworks */ = {isa = PBXBuildFile; fileRef = 206086171CB5ED6200EA00E3 /* libz.tbd */; };
		2060861A1CB5ED6D00EA00E3 /* libsqlite3.tbd in Frameworks */ = {isa = PBXBuildFile; fileRef = 206086191CB5ED6D00EA00E3 /* libsqlite3.tbd */; };
		2060861D1CB5F53C00EA00E3 /* signInVC.swift in Sources */ = {isa = PBXBuildFile; fileRef = 2060861C1CB5F53C00EA00E3 /* signInVC.swift */; };
		2060861F1CB5F56900EA00E3 /* signUpVC.swift in Sources */ = {isa = PBXBuildFile; fileRef = 2060861E1CB5F56900EA00E3 /* signUpVC.swift */; };
		206086211CB5F57F00EA00E3 /* resetPasswordVC.swift in Sources */ = {isa = PBXBuildFile; fileRef = 206086201CB5F57F00EA00E3 /* resetPasswordVC.swift */; };
		206086241CB6734700EA00E3 /* Pacifico.ttf in Resources */ = {isa = PBXBuildFile; fileRef = 206086231CB6734700EA00E3 /* Pacifico.ttf */; };
		206086261CB675B200EA00E3 /* background.jpg in Resources */ = {isa = PBXBuildFile; fileRef = 206086251CB675B200EA00E3 /* background.jpg */; };
		20A1734E1CB9818C0097AACB /* homeVC.swift in Sources */ = {isa = PBXBuildFile; fileRef = 20A1734D1CB9818C0097AACB /* homeVC.swift */; };
		20A173501CB981D10097AACB /* headerView.swift in Sources */ = {isa = PBXBuildFile; fileRef = 20A1734F1CB981D10097AACB /* headerView.swift */; };
		20A173521CB985BB0097AACB /* pictureCell.swift in Sources */ = {isa = PBXBuildFile; fileRef = 20A173511CB985BB0097AACB /* pictureCell.swift */; };
/* End PBXBuildFile section */

/* Begin PBXFileReference section */
		206085EE1CB5EBAE00EA00E3 /* Instragram.app */ = {isa = PBXFileReference; explicitFileType = wrapper.application; includeInIndex = 0; path = Instragram.app; sourceTree = BUILT_PRODUCTS_DIR; };
		206085F11CB5EBAE00EA00E3 /* AppDelegate.swift */ = {isa = PBXFileReference; lastKnownFileType = sourcecode.swift; path = AppDelegate.swift; sourceTree = "<group>"; };
		206085F61CB5EBAE00EA00E3 /* Base */ = {isa = PBXFileReference; lastKnownFileType = file.storyboard; name = Base; path = Base.lproj/Main.storyboard; sourceTree = "<group>"; };
		206085F81CB5EBAE00EA00E3 /* Assets.xcassets */ = {isa = PBXFileReference; lastKnownFileType = folder.assetcatalog; path = Assets.xcassets; sourceTree = "<group>"; };
		206085FB1CB5EBAE00EA00E3 /* Base */ = {isa = PBXFileReference; lastKnownFileType = file.storyboard; name = Base; path = Base.lproj/LaunchScreen.storyboard; sourceTree = "<group>"; };
		206085FD1CB5EBAE00EA00E3 /* Info.plist */ = {isa = PBXFileReference; lastKnownFileType = text.plist.xml; path = Info.plist; sourceTree = "<group>"; };
		206086031CB5EC9400EA00E3 /* Bolts.framework */ = {isa = PBXFileReference; lastKnownFileType = wrapper.framework; path = Bolts.framework; sourceTree = SOURCE_ROOT; };
		206086041CB5EC9400EA00E3 /* Parse.framework */ = {isa = PBXFileReference; lastKnownFileType = wrapper.framework; path = Parse.framework; sourceTree = SOURCE_ROOT; };
		206086071CB5ECF900EA00E3 /* AudioToolbox.framework */ = {isa = PBXFileReference; lastKnownFileType = wrapper.framework; name = AudioToolbox.framework; path = System/Library/Frameworks/AudioToolbox.framework; sourceTree = SDKROOT; };
		206086091CB5ED1900EA00E3 /* CFNetwork.framework */ = {isa = PBXFileReference; lastKnownFileType = wrapper.framework; name = CFNetwork.framework; path = System/Library/Frameworks/CFNetwork.framework; sourceTree = SDKROOT; };
		2060860B1CB5ED2600EA00E3 /* CoreGraphics.framework */ = {isa = PBXFileReference; lastKnownFileType = wrapper.framework; name = CoreGraphics.framework; path = System/Library/Frameworks/CoreGraphics.framework; sourceTree = SDKROOT; };
		2060860D1CB5ED3400EA00E3 /* CoreLocation.framework */ = {isa = PBXFileReference; lastKnownFileType = wrapper.framework; name = CoreLocation.framework; path = System/Library/Frameworks/CoreLocation.framework; sourceTree = SDKROOT; };
		2060860F1CB5ED3D00EA00E3 /* QuartzCore.framework */ = {isa = PBXFileReference; lastKnownFileType = wrapper.framework; name = QuartzCore.framework; path = System/Library/Frameworks/QuartzCore.framework; sourceTree = SDKROOT; };
		206086111CB5ED4500EA00E3 /* Security.framework */ = {isa = PBXFileReference; lastKnownFileType = wrapper.framework; name = Security.framework; path = System/Library/Frameworks/Security.framework; sourceTree = SDKROOT; };
		206086131CB5ED4D00EA00E3 /* StoreKit.framework */ = {isa = PBXFileReference; lastKnownFileType = wrapper.framework; name = StoreKit.framework; path = System/Library/Frameworks/StoreKit.framework; sourceTree = SDKROOT; };
		206086151CB5ED5500EA00E3 /* SystemConfiguration.framework */ = {isa = PBXFileReference; lastKnownFileType = wrapper.framework; name = SystemConfiguration.framework; path = System/Library/Frameworks/SystemConfiguration.framework; sourceTree = SDKROOT; };
		206086171CB5ED6200EA00E3 /* libz.tbd */ = {isa = PBXFileReference; lastKnownFileType = "sourcecode.text-based-dylib-definition"; name = libz.tbd; path = usr/lib/libz.tbd; sourceTree = SDKROOT; };
		206086191CB5ED6D00EA00E3 /* libsqlite3.tbd */ = {isa = PBXFileReference; lastKnownFileType = "sourcecode.text-based-dylib-definition"; name = libsqlite3.tbd; path = usr/lib/libsqlite3.tbd; sourceTree = SDKROOT; };
		2060861C1CB5F53C00EA00E3 /* signInVC.swift */ = {isa = PBXFileReference; fileEncoding = 4; lastKnownFileType = sourcecode.swift; path = signInVC.swift; sourceTree = "<group>"; };
		2060861E1CB5F56900EA00E3 /* signUpVC.swift */ = {isa = PBXFileReference; fileEncoding = 4; lastKnownFileType = sourcecode.swift; path = signUpVC.swift; sourceTree = "<group>"; };
		206086201CB5F57F00EA00E3 /* resetPasswordVC.swift */ = {isa = PBXFileReference; fileEncoding = 4; lastKnownFileType = sourcecode.swift; path = resetPasswordVC.swift; sourceTree = "<group>"; };
		206086231CB6734700EA00E3 /* Pacifico.ttf */ = {isa = PBXFileReference; lastKnownFileType = file; path = Pacifico.ttf; sourceTree = "<group>"; };
		206086251CB675B200EA00E3 /* background.jpg */ = {isa = PBXFileReference; lastKnownFileType = image.jpeg; path = background.jpg; sourceTree = "<group>"; };
		20A1734D1CB9818C0097AACB /* homeVC.swift */ = {isa = PBXFileReference; fileEncoding = 4; lastKnownFileType = sourcecode.swift; path = homeVC.swift; sourceTree = "<group>"; };
		20A1734F1CB981D10097AACB /* headerView.swift */ = {isa = PBXFileReference; fileEncoding = 4; lastKnownFileType = sourcecode.swift; path = headerView.swift; sourceTree = "<group>"; };
		20A173511CB985BB0097AACB /* pictureCell.swift */ = {isa = PBXFileReference; fileEncoding = 4; lastKnownFileType = sourcecode.swift; path = pictureCell.swift; sourceTree = "<group>"; };
/* End PBXFileReference section */

/* Begin PBXFrameworksBuildPhase section */
		206085EB1CB5EBAE00EA00E3 /* Frameworks */ = {
			isa = PBXFrameworksBuildPhase;
			buildActionMask = 2147483647;
			files = (
				2060861A1CB5ED6D00EA00E3 /* libsqlite3.tbd in Frameworks */,
				206086181CB5ED6200EA00E3 /* libz.tbd in Frameworks */,
				206086161CB5ED5500EA00E3 /* SystemConfiguration.framework in Frameworks */,
				206086141CB5ED4D00EA00E3 /* StoreKit.framework in Frameworks */,
				206086121CB5ED4500EA00E3 /* Security.framework in Frameworks */,
				206086101CB5ED3D00EA00E3 /* QuartzCore.framework in Frameworks */,
				2060860E1CB5ED3400EA00E3 /* CoreLocation.framework in Frameworks */,
				2060860C1CB5ED2600EA00E3 /* CoreGraphics.framework in Frameworks */,
				2060860A1CB5ED1900EA00E3 /* CFNetwork.framework in Frameworks */,
				206086081CB5ECF900EA00E3 /* AudioToolbox.framework in Frameworks */,
				206086061CB5EC9400EA00E3 /* Parse.framework in Frameworks */,
				206086051CB5EC9400EA00E3 /* Bolts.framework in Frameworks */,
			);
			runOnlyForDeploymentPostprocessing = 0;
		};
/* End PBXFrameworksBuildPhase section */

/* Begin PBXGroup section */
		206085E51CB5EBAD00EA00E3 = {
			isa = PBXGroup;
			children = (
				206085F01CB5EBAE00EA00E3 /* Instragram */,
				206085EF1CB5EBAE00EA00E3 /* Products */,
			);
			sourceTree = "<group>";
		};
		206085EF1CB5EBAE00EA00E3 /* Products */ = {
			isa = PBXGroup;
			children = (
				206085EE1CB5EBAE00EA00E3 /* Instragram.app */,
			);
			name = Products;
			sourceTree = "<group>";
		};
		206085F01CB5EBAE00EA00E3 /* Instragram */ = {
			isa = PBXGroup;
			children = (
				2060861C1CB5F53C00EA00E3 /* signInVC.swift */,
				2060861E1CB5F56900EA00E3 /* signUpVC.swift */,
				206086201CB5F57F00EA00E3 /* resetPasswordVC.swift */,
				206085F11CB5EBAE00EA00E3 /* AppDelegate.swift */,
				206085F51CB5EBAE00EA00E3 /* Main.storyboard */,
				206085F81CB5EBAE00EA00E3 /* Assets.xcassets */,
				206085FA1CB5EBAE00EA00E3 /* LaunchScreen.storyboard */,
				206085FD1CB5EBAE00EA00E3 /* Info.plist */,
				206086251CB675B200EA00E3 /* background.jpg */,
				206086231CB6734700EA00E3 /* Pacifico.ttf */,
				2060861B1CB5EDA000EA00E3 /* Frameworks */,
				20A1734D1CB9818C0097AACB /* homeVC.swift */,
				20A1734F1CB981D10097AACB /* headerView.swift */,
				20A173511CB985BB0097AACB /* pictureCell.swift */,
			);
			path = Instragram;
			sourceTree = "<group>";
		};
		2060861B1CB5EDA000EA00E3 /* Frameworks */ = {
			isa = PBXGroup;
			children = (
				206086191CB5ED6D00EA00E3 /* libsqlite3.tbd */,
				206086171CB5ED6200EA00E3 /* libz.tbd */,
				206086151CB5ED5500EA00E3 /* SystemConfiguration.framework */,
				206086131CB5ED4D00EA00E3 /* StoreKit.framework */,
				206086111CB5ED4500EA00E3 /* Security.framework */,
				2060860F1CB5ED3D00EA00E3 /* QuartzCore.framework */,
				2060860D1CB5ED3400EA00E3 /* CoreLocation.framework */,
				2060860B1CB5ED2600EA00E3 /* CoreGraphics.framework */,
				206086091CB5ED1900EA00E3 /* CFNetwork.framework */,
				206086071CB5ECF900EA00E3 /* AudioToolbox.framework */,
				206086031CB5EC9400EA00E3 /* Bolts.framework */,
				206086041CB5EC9400EA00E3 /* Parse.framework */,
			);
			name = Frameworks;
			path = ..;
			sourceTree = "<group>";
		};
/* End PBXGroup section */

/* Begin PBXNativeTarget section */
		206085ED1CB5EBAE00EA00E3 /* Instragram */ = {
			isa = PBXNativeTarget;
			buildConfigurationList = 206086001CB5EBAE00EA00E3 /* Build configuration list for PBXNativeTarget "Instragram" */;
			buildPhases = (
				206085EA1CB5EBAE00EA00E3 /* Sources */,
				206085EB1CB5EBAE00EA00E3 /* Frameworks */,
				206085EC1CB5EBAE00EA00E3 /* Resources */,
			);
			buildRules = (
			);
			dependencies = (
			);
			name = Instragram;
			productName = Instragram;
			productReference = 206085EE1CB5EBAE00EA00E3 /* Instragram.app */;
			productType = "com.apple.product-type.application";
		};
/* End PBXNativeTarget section */

/* Begin PBXProject section */
		206085E61CB5EBAE00EA00E3 /* Project object */ = {
			isa = PBXProject;
			attributes = {
				LastSwiftUpdateCheck = 0730;
				LastUpgradeCheck = 0730;
				ORGANIZATIONNAME = irahardianto;
				TargetAttributes = {
					206085ED1CB5EBAE00EA00E3 = {
						CreatedOnToolsVersion = 7.3;
					};
				};
			};
			buildConfigurationList = 206085E91CB5EBAE00EA00E3 /* Build configuration list for PBXProject "Instragram" */;
			compatibilityVersion = "Xcode 3.2";
			developmentRegion = English;
			hasScannedForEncodings = 0;
			knownRegions = (
				en,
				Base,
			);
			mainGroup = 206085E51CB5EBAD00EA00E3;
			productRefGroup = 206085EF1CB5EBAE00EA00E3 /* Products */;
			projectDirPath = "";
			projectRoot = "";
			targets = (
				206085ED1CB5EBAE00EA00E3 /* Instragram */,
			);
		};
/* End PBXProject section */

/* Begin PBXResourcesBuildPhase section */
		206085EC1CB5EBAE00EA00E3 /* Resources */ = {
			isa = PBXResourcesBuildPhase;
			buildActionMask = 2147483647;
			files = (
				206085FC1CB5EBAE00EA00E3 /* LaunchScreen.storyboard in Resources */,
				206086261CB675B200EA00E3 /* background.jpg in Resources */,
				206085F91CB5EBAE00EA00E3 /* Assets.xcassets in Resources */,
				206086241CB6734700EA00E3 /* Pacifico.ttf in Resources */,
				206085F71CB5EBAE00EA00E3 /* Main.storyboard in Resources */,
			);
			runOnlyForDeploymentPostprocessing = 0;
		};
/* End PBXResourcesBuildPhase section */

/* Begin PBXSourcesBuildPhase section */
		206085EA1CB5EBAE00EA00E3 /* Sources */ = {
			isa = PBXSourcesBuildPhase;
			buildActionMask = 2147483647;
			files = (
				20A173521CB985BB0097AACB /* pictureCell.swift in Sources */,
				2060861F1CB5F56900EA00E3 /* signUpVC.swift in Sources */,
				2060861D1CB5F53C00EA00E3 /* signInVC.swift in Sources */,
				20A1734E1CB9818C0097AACB /* homeVC.swift in Sources */,
				206085F21CB5EBAE00EA00E3 /* AppDelegate.swift in Sources */,
				206086211CB5F57F00EA00E3 /* resetPasswordVC.swift in Sources */,
				20A173501CB981D10097AACB /* headerView.swift in Sources */,
			);
			runOnlyForDeploymentPostprocessing = 0;
		};
/* End PBXSourcesBuildPhase section */

/* Begin PBXVariantGroup section */
		206085F51CB5EBAE00EA00E3 /* Main.storyboard */ = {
			isa = PBXVariantGroup;
			children = (
				206085F61CB5EBAE00EA00E3 /* Base */,
			);
			name = Main.storyboard;
			sourceTree = "<group>";
		};
		206085FA1CB5EBAE00EA00E3 /* LaunchScreen.storyboard */ = {
			isa = PBXVariantGroup;
			children = (
				206085FB1CB5EBAE00EA00E3 /* Base */,
			);
			name = LaunchScreen.storyboard;
			sourceTree = "<group>";
		};
/* End PBXVariantGroup section */

/* Begin XCBuildConfiguration section */
		206085FE1CB5EBAE00EA00E3 /* Debug */ = {
			isa = XCBuildConfiguration;
			buildSettings = {
				ALWAYS_SEARCH_USER_PATHS = NO;
				CLANG_ANALYZER_NONNULL = YES;
				CLANG_CXX_LANGUAGE_STANDARD = "gnu++0x";
				CLANG_CXX_LIBRARY = "libc++";
				CLANG_ENABLE_MODULES = YES;
				CLANG_ENABLE_OBJC_ARC = YES;
				CLANG_WARN_BOOL_CONVERSION = YES;
				CLANG_WARN_CONSTANT_CONVERSION = YES;
				CLANG_WARN_DIRECT_OBJC_ISA_USAGE = YES_ERROR;
				CLANG_WARN_EMPTY_BODY = YES;
				CLANG_WARN_ENUM_CONVERSION = YES;
				CLANG_WARN_INT_CONVERSION = YES;
				CLANG_WARN_OBJC_ROOT_CLASS = YES_ERROR;
				CLANG_WARN_UNREACHABLE_CODE = YES;
				CLANG_WARN__DUPLICATE_METHOD_MATCH = YES;
				"CODE_SIGN_IDENTITY[sdk=iphoneos*]" = "iPhone Developer";
				COPY_PHASE_STRIP = NO;
				DEBUG_INFORMATION_FORMAT = dwarf;
				ENABLE_STRICT_OBJC_MSGSEND = YES;
				ENABLE_TESTABILITY = YES;
				GCC_C_LANGUAGE_STANDARD = gnu99;
				GCC_DYNAMIC_NO_PIC = NO;
				GCC_NO_COMMON_BLOCKS = YES;
				GCC_OPTIMIZATION_LEVEL = 0;
				GCC_PREPROCESSOR_DEFINITIONS = (
					"DEBUG=1",
					"$(inherited)",
				);
				GCC_WARN_64_TO_32_BIT_CONVERSION = YES;
				GCC_WARN_ABOUT_RETURN_TYPE = YES_ERROR;
				GCC_WARN_UNDECLARED_SELECTOR = YES;
				GCC_WARN_UNINITIALIZED_AUTOS = YES_AGGRESSIVE;
				GCC_WARN_UNUSED_FUNCTION = YES;
				GCC_WARN_UNUSED_VARIABLE = YES;
				IPHONEOS_DEPLOYMENT_TARGET = 9.3;
				MTL_ENABLE_DEBUG_INFO = YES;
				ONLY_ACTIVE_ARCH = YES;
				SDKROOT = iphoneos;
				SWIFT_OPTIMIZATION_LEVEL = "-Onone";
				TARGETED_DEVICE_FAMILY = "1,2";
			};
			name = Debug;
		};
		206085FF1CB5EBAE00EA00E3 /* Release */ = {
			isa = XCBuildConfiguration;
			buildSettings = {
				ALWAYS_SEARCH_USER_PATHS = NO;
				CLANG_ANALYZER_NONNULL = YES;
				CLANG_CXX_LANGUAGE_STANDARD = "gnu++0x";
				CLANG_CXX_LIBRARY = "libc++";
				CLANG_ENABLE_MODULES = YES;
				CLANG_ENABLE_OBJC_ARC = YES;
				CLANG_WARN_BOOL_CONVERSION = YES;
				CLANG_WARN_CONSTANT_CONVERSION = YES;
				CLANG_WARN_DIRECT_OBJC_ISA_USAGE = YES_ERROR;
				CLANG_WARN_EMPTY_BODY = YES;
				CLANG_WARN_ENUM_CONVERSION = YES;
				CLANG_WARN_INT_CONVERSION = YES;
				CLANG_WARN_OBJC_ROOT_CLASS = YES_ERROR;
				CLANG_WARN_UNREACHABLE_CODE = YES;
				CLANG_WARN__DUPLICATE_METHOD_MATCH = YES;
				"CODE_SIGN_IDENTITY[sdk=iphoneos*]" = "iPhone Developer";
				COPY_PHASE_STRIP = NO;
				DEBUG_INFORMATION_FORMAT = "dwarf-with-dsym";
				ENABLE_NS_ASSERTIONS = NO;
				ENABLE_STRICT_OBJC_MSGSEND = YES;
				GCC_C_LANGUAGE_STANDARD = gnu99;
				GCC_NO_COMMON_BLOCKS = YES;
				GCC_WARN_64_TO_32_BIT_CONVERSION = YES;
				GCC_WARN_ABOUT_RETURN_TYPE = YES_ERROR;
				GCC_WARN_UNDECLARED_SELECTOR = YES;
				GCC_WARN_UNINITIALIZED_AUTOS = YES_AGGRESSIVE;
				GCC_WARN_UNUSED_FUNCTION = YES;
				GCC_WARN_UNUSED_VARIABLE = YES;
				IPHONEOS_DEPLOYMENT_TARGET = 9.3;
				MTL_ENABLE_DEBUG_INFO = NO;
				SDKROOT = iphoneos;
				TARGETED_DEVICE_FAMILY = "1,2";
				VALIDATE_PRODUCT = YES;
			};
			name = Release;
		};
		206086011CB5EBAE00EA00E3 /* Debug */ = {
			isa = XCBuildConfiguration;
			buildSettings = {
				ASSETCATALOG_COMPILER_APPICON_NAME = AppIcon;
				FRAMEWORK_SEARCH_PATHS = (
					"$(inherited)",
					"$(PROJECT_DIR)",
				);
				INFOPLIST_FILE = Instragram/Info.plist;
				LD_RUNPATH_SEARCH_PATHS = "$(inherited) @executable_path/Frameworks";
				PRODUCT_BUNDLE_IDENTIFIER = com.irahardianto.Instragram;
				PRODUCT_NAME = "$(TARGET_NAME)";
			};
			name = Debug;
		};
		206086021CB5EBAE00EA00E3 /* Release */ = {
			isa = XCBuildConfiguration;
			buildSettings = {
				ASSETCATALOG_COMPILER_APPICON_NAME = AppIcon;
				FRAMEWORK_SEARCH_PATHS = (
					"$(inherited)",
					"$(PROJECT_DIR)",
				);
				INFOPLIST_FILE = Instragram/Info.plist;
				LD_RUNPATH_SEARCH_PATHS = "$(inherited) @executable_path/Frameworks";
				PRODUCT_BUNDLE_IDENTIFIER = com.irahardianto.Instragram;
				PRODUCT_NAME = "$(TARGET_NAME)";
			};
			name = Release;
		};
/* End XCBuildConfiguration section */

/* Begin XCConfigurationList section */
		206085E91CB5EBAE00EA00E3 /* Build configuration list for PBXProject "Instragram" */ = {
			isa = XCConfigurationList;
			buildConfigurations = (
				206085FE1CB5EBAE00EA00E3 /* Debug */,
				206085FF1CB5EBAE00EA00E3 /* Release */,
			);
			defaultConfigurationIsVisible = 0;
			defaultConfigurationName = Release;
		};
		206086001CB5EBAE00EA00E3 /* Build configuration list for PBXNativeTarget "Instragram" */ = {
			isa = XCConfigurationList;
			buildConfigurations = (
				206086011CB5EBAE00EA00E3 /* Debug */,
				206086021CB5EBAE00EA00E3 /* Release */,
			);
			defaultConfigurationIsVisible = 0;
			defaultConfigurationName = Release;
		};
/* End XCConfigurationList section */
	};
	rootObject = 206085E61CB5EBAE00EA00E3 /* Project object */;
}
